<?xml version="1.0" encoding="utf-8"?>
<Project ToolsVersion="4.0" xmlns="http://schemas.microsoft.com/developer/msbuild/2003">
  <ItemGroup>
    <Filter Include="Source Files">
      <UniqueIdentifier>{4FC737F1-C7A5-4376-A066-2A32D752A2FF}</UniqueIdentifier>
      <Extensions>cpp;c;cc;cxx;def;odl;idl;hpj;bat;asm;asmx</Extensions>
    </Filter>
    <Filter Include="Header Files">
      <UniqueIdentifier>{93995380-89BD-4b04-88EB-625FBE52EBFB}</UniqueIdentifier>
      <Extensions>h;hpp;hxx;hm;inl;inc;xsd</Extensions>
    </Filter>
    <Filter Include="Resource Files">
      <UniqueIdentifier>{67DA6AB6-F800-4c08-8B7A-83BB121AAD01}</UniqueIdentifier>
      <Extensions>rc;ico;cur;bmp;dlg;rc2;rct;bin;rgs;gif;jpg;jpeg;jpe;resx;tiff;tif;png;wav</Extensions>
    </Filter>
  </ItemGroup>
  <ItemGroup>
    <ClCompile Include="..\..\pypff\pypff.c">
      <Filter>Source Files</Filter>
    </ClCompile>
    <ClCompile Include="..\..\pypff\pypff_attachment.c">
      <Filter>Source Files</Filter>
    </ClCompile>
    <ClCompile Include="..\..\pypff\pypff_codepage.c">
      <Filter>Source Files</Filter>
    </ClCompile>
    <ClCompile Include="..\..\pypff\pypff_datetime.c">
      <Filter>Source Files</Filter>
    </ClCompile>
    <ClCompile Include="..\..\pypff\pypff_encryption_types.c">
      <Filter>Source Files</Filter>
    </ClCompile>
    <ClCompile Include="..\..\pypff\pypff_error.c">
      <Filter>Source Files</Filter>
    </ClCompile>
    <ClCompile Include="..\..\pypff\pypff_file.c">
      <Filter>Source Files</Filter>
    </ClCompile>
    <ClCompile Include="..\..\pypff\pypff_file_content_types.c">
      <Filter>Source Files</Filter>
    </ClCompile>
    <ClCompile Include="..\..\pypff\pypff_file_object_io_handle.c">
      <Filter>Source Files</Filter>
    </ClCompile>
    <ClCompile Include="..\..\pypff\pypff_file_types.c">
      <Filter>Source Files</Filter>
    </ClCompile>
    <ClCompile Include="..\..\pypff\pypff_folder.c">
      <Filter>Source Files</Filter>
    </ClCompile>
    <ClCompile Include="..\..\pypff\pypff_integer.c">
      <Filter>Source Files</Filter>
    </ClCompile>
    <ClCompile Include="..\..\pypff\pypff_item.c">
      <Filter>Source Files</Filter>
    </ClCompile>
    <ClCompile Include="..\..\pypff\pypff_item_types.c">
      <Filter>Source Files</Filter>
    </ClCompile>
    <ClCompile Include="..\..\pypff\pypff_items.c">
      <Filter>Source Files</Filter>
    </ClCompile>
    <ClCompile Include="..\..\pypff\pypff_message.c">
      <Filter>Source Files</Filter>
    </ClCompile>
    <ClCompile Include="..\..\pypff\pypff_record_entries.c">
      <Filter>Source Files</Filter>
    </ClCompile>
    <ClCompile Include="..\..\pypff\pypff_record_entry.c">
      <Filter>Source Files</Filter>
    </ClCompile>
    <ClCompile Include="..\..\pypff\pypff_record_set.c">
      <Filter>Source Files</Filter>
    </ClCompile>
    <ClCompile Include="..\..\pypff\pypff_record_sets.c">
      <Filter>Source Files</Filter>
    </ClCompile>
  </ItemGroup>
  <ItemGroup>
    <ClInclude Include="..\..\pypff\pypff.h">
      <Filter>Header Files</Filter>
    </ClInclude>
    <ClInclude Include="..\..\pypff\pypff_attachment.h">
      <Filter>Header Files</Filter>
    </ClInclude>
    <ClInclude Include="..\..\pypff\pypff_codepage.h">
      <Filter>Header Files</Filter>
    </ClInclude>
    <ClInclude Include="..\..\pypff\pypff_datetime.h">
      <Filter>Header Files</Filter>
    </ClInclude>
    <ClInclude Include="..\..\pypff\pypff_encryption_types.h">
      <Filter>Header Files</Filter>
    </ClInclude>
    <ClInclude Include="..\..\pypff\pypff_error.h">
      <Filter>Header Files</Filter>
    </ClInclude>
    <ClInclude Include="..\..\pypff\pypff_file.h">
      <Filter>Header Files</Filter>
    </ClInclude>
    <ClInclude Include="..\..\pypff\pypff_file_content_types.h">
      <Filter>Header Files</Filter>
    </ClInclude>
    <ClInclude Include="..\..\pypff\pypff_file_object_io_handle.h">
      <Filter>Header Files</Filter>
    </ClInclude>
    <ClInclude Include="..\..\pypff\pypff_file_types.h">
      <Filter>Header Files</Filter>
    </ClInclude>
    <ClInclude Include="..\..\pypff\pypff_folder.h">
      <Filter>Header Files</Filter>
    </ClInclude>
    <ClInclude Include="..\..\pypff\pypff_integer.h">
      <Filter>Header Files</Filter>
    </ClInclude>
    <ClInclude Include="..\..\pypff\pypff_item.h">
      <Filter>Header Files</Filter>
    </ClInclude>
    <ClInclude Include="..\..\pypff\pypff_item_types.h">
      <Filter>Header Files</Filter>
    </ClInclude>
    <ClInclude Include="..\..\pypff\pypff_items.h">
      <Filter>Header Files</Filter>
    </ClInclude>
    <ClInclude Include="..\..\pypff\pypff_libbfio.h">
      <Filter>Header Files</Filter>
    </ClInclude>
    <ClInclude Include="..\..\pypff\pypff_libcerror.h">
      <Filter>Header Files</Filter>
    </ClInclude>
    <ClInclude Include="..\..\pypff\pypff_libclocale.h">
      <Filter>Header Files</Filter>
    </ClInclude>
    <ClInclude Include="..\..\pypff\pypff_libpff.h">
      <Filter>Header Files</Filter>
    </ClInclude>
    <ClInclude Include="..\..\pypff\pypff_message.h">
      <Filter>Header Files</Filter>
    </ClInclude>
    <ClInclude Include="..\..\pypff\pypff_python.h">
      <Filter>Header Files</Filter>
    </ClInclude>
    <ClInclude Include="..\..\pypff\pypff_record_entries.h">
      <Filter>Header Files</Filter>
    </ClInclude>
    <ClInclude Include="..\..\pypff\pypff_record_entry.h">
      <Filter>Header Files</Filter>
    </ClInclude>
    <ClInclude Include="..\..\pypff\pypff_record_set.h">
      <Filter>Header Files</Filter>
    </ClInclude>
    <ClInclude Include="..\..\pypff\pypff_record_sets.h">
      <Filter>Header Files</Filter>
    </ClInclude>
    <ClInclude Include="..\..\pypff\pypff_unused.h">
      <Filter>Header Files</Filter>
    </ClInclude>
  </ItemGroup>
</Project>